
Microsoft Visual Studio Solution File, Format Version 12.00
# Visual Studio Version 17
VisualStudioVersion = 17.12.35514.174 d17.12
MinimumVisualStudioVersion = 10.0.40219.1
Project("{FAE04EC0-301F-11D3-BF4B-00C04F79EFBC}") = "Publisher", "Publisher\Publisher.csproj", "{44E77985-F138-47F4-AC1E-4EB4CE261544}"
EndProject
Project("{FAE04EC0-301F-11D3-BF4B-00C04F79EFBC}") = "Subscriber", "Subscriber\Subscriber.csproj", "{E8252684-B3C3-4D7F-B4D3-85EE4535B4D1}"
EndProject
Project("{FAE04EC0-301F-11D3-BF4B-00C04F79EFBC}") = "Models", "Models\Models.csproj", "{56229CA8-FCCD-4831-866E-AD2F9B9F3ECC}"
EndProject
Project("{FAE04EC0-301F-11D3-BF4B-00C04F79EFBC}") = "RebusExtensions", "RebusExtensions\RebusExtensions.csproj", "{19593840-EEA5-4E6F-8CE7-8D22E7B07633}"
EndProject
Global
	GlobalSection(SolutionConfigurationPlatforms) = preSolution
		Debug|Any CPU = Debug|Any CPU
		Release|Any CPU = Release|Any CPU
	EndGlobalSection
	GlobalSection(ProjectConfigurationPlatforms) = postSolution
		{44E77985-F138-47F4-AC1E-4EB4CE261544}.Debug|Any CPU.ActiveCfg = Debug|Any CPU
		{44E77985-F138-47F4-AC1E-4EB4CE261544}.Debug|Any CPU.Build.0 = Debug|Any CPU
		{44E77985-F138-47F4-AC1E-4EB4CE261544}.Release|Any CPU.ActiveCfg = Release|Any CPU
		{44E77985-F138-47F4-AC1E-4EB4CE261544}.Release|Any CPU.Build.0 = Release|Any CPU
		{E8252684-B3C3-4D7F-B4D3-85EE4535B4D1}.Debug|Any CPU.ActiveCfg = Debug|Any CPU
		{E8252684-B3C3-4D7F-B4D3-85EE4535B4D1}.Debug|Any CPU.Build.0 = Debug|Any CPU
		{E8252684-B3C3-4D7F-B4D3-85EE4535B4D1}.Release|Any CPU.ActiveCfg = Release|Any CPU
		{E8252684-B3C3-4D7F-B4D3-85EE4535B4D1}.Release|Any CPU.Build.0 = Release|Any CPU
		{56229CA8-FCCD-4831-866E-AD2F9B9F3ECC}.Debug|Any CPU.ActiveCfg = Debug|Any CPU
		{56229CA8-FCCD-4831-866E-AD2F9B9F3ECC}.Debug|Any CPU.Build.0 = Debug|Any CPU
		{56229CA8-FCCD-4831-866E-AD2F9B9F3ECC}.Release|Any CPU.ActiveCfg = Release|Any CPU
		{56229CA8-FCCD-4831-866E-AD2F9B9F3ECC}.Release|Any CPU.Build.0 = Release|Any CPU
		{19593840-EEA5-4E6F-8CE7-8D22E7B07633}.Debug|Any CPU.ActiveCfg = Debug|Any CPU
		{19593840-EEA5-4E6F-8CE7-8D22E7B07633}.Debug|Any CPU.Build.0 = Debug|Any CPU
		{19593840-EEA5-4E6F-8CE7-8D22E7B07633}.Release|Any CPU.ActiveCfg = Release|Any CPU
		{19593840-EEA5-4E6F-8CE7-8D22E7B07633}.Release|Any CPU.Build.0 = Release|Any CPU
	EndGlobalSection
	GlobalSection(SolutionProperties) = preSolution
		HideSolutionNode = FALSE
	EndGlobalSection
EndGlobal
