
Microsoft Visual Studio Solution File, Format Version 12.00
# Visual Studio Version 17
VisualStudioVersion = 17.0.31903.59
MinimumVisualStudioVersion = 10.0.40219.1
Project("{FAE04EC0-301F-11D3-BF4B-00C04F79EFBC}") = "UniversalMapper", "UniversalMapper\UniversalMapper.csproj", "{8C7CBC68-62C3-15F3-2488-DC29AD3BF7F1}"
EndProject
Project("{FAE04EC0-301F-11D3-BF4B-00C04F79EFBC}") = "UniversalMapper.AppHost", "UniversalMapper.AppHost\UniversalMapper.AppHost.csproj", "{3849399B-F1B8-4779-B927-53350EDB0F8C}"
EndProject
Project("{2150E333-8FDC-42A3-9474-1A3956D46DE8}") = "Solution Items", "Solution Items", "{8EC462FD-D22E-90A8-E5CE-7E832BA40C5D}"
	ProjectSection(SolutionItems) = preProject
		.env = .env
		docker-compose.yaml = docker-compose.yaml
		README.md = README.md
	EndProjectSection
EndProject
Project("{FAE04EC0-301F-11D3-BF4B-00C04F79EFBC}") = "Supernova.Models", "..\models\dotnet\Supernova.Models\Supernova.Models.csproj", "{D1E7E8A8-1163-0022-98A3-9B5913EECBB5}"
EndProject
Project("{FAE04EC0-301F-11D3-BF4B-00C04F79EFBC}") = "OrangeButton.Models", "..\models\dotnet\OrangeButton.Models\OrangeButton.Models.csproj", "{D484EA18-CFCD-8C62-1171-62D3BAD22840}"
EndProject
Project("{FAE04EC0-301F-11D3-BF4B-00C04F79EFBC}") = "Supernova.Messages.Models", "..\models\dotnet\Supernova.Messages.Models\Supernova.Messages.Models.csproj", "{DE93B365-3280-46F9-BCBF-2514CB15AD7A}"
EndProject
Project("{FAE04EC0-301F-11D3-BF4B-00C04F79EFBC}") = "UniversalMapper.Models", "..\models\dotnet\UniversalMapper.Models\UniversalMapper.Models.csproj", "{CE3A1A3B-EB03-4E06-AF37-C1FBC49F5D03}"
EndProject
Global
	GlobalSection(SolutionConfigurationPlatforms) = preSolution
		Debug|Any CPU = Debug|Any CPU
		Release|Any CPU = Release|Any CPU
	EndGlobalSection
	GlobalSection(ProjectConfigurationPlatforms) = postSolution
		{8C7CBC68-62C3-15F3-2488-DC29AD3BF7F1}.Debug|Any CPU.ActiveCfg = Debug|Any CPU
		{8C7CBC68-62C3-15F3-2488-DC29AD3BF7F1}.Debug|Any CPU.Build.0 = Debug|Any CPU
		{8C7CBC68-62C3-15F3-2488-DC29AD3BF7F1}.Release|Any CPU.ActiveCfg = Release|Any CPU
		{8C7CBC68-62C3-15F3-2488-DC29AD3BF7F1}.Release|Any CPU.Build.0 = Release|Any CPU
		{3849399B-F1B8-4779-B927-53350EDB0F8C}.Debug|Any CPU.ActiveCfg = Debug|Any CPU
		{3849399B-F1B8-4779-B927-53350EDB0F8C}.Debug|Any CPU.Build.0 = Debug|Any CPU
		{3849399B-F1B8-4779-B927-53350EDB0F8C}.Release|Any CPU.ActiveCfg = Release|Any CPU
		{3849399B-F1B8-4779-B927-53350EDB0F8C}.Release|Any CPU.Build.0 = Release|Any CPU
		{D1E7E8A8-1163-0022-98A3-9B5913EECBB5}.Debug|Any CPU.ActiveCfg = Debug|Any CPU
		{D1E7E8A8-1163-0022-98A3-9B5913EECBB5}.Debug|Any CPU.Build.0 = Debug|Any CPU
		{D1E7E8A8-1163-0022-98A3-9B5913EECBB5}.Release|Any CPU.ActiveCfg = Release|Any CPU
		{D1E7E8A8-1163-0022-98A3-9B5913EECBB5}.Release|Any CPU.Build.0 = Release|Any CPU
		{D484EA18-CFCD-8C62-1171-62D3BAD22840}.Debug|Any CPU.ActiveCfg = Debug|Any CPU
		{D484EA18-CFCD-8C62-1171-62D3BAD22840}.Debug|Any CPU.Build.0 = Debug|Any CPU
		{D484EA18-CFCD-8C62-1171-62D3BAD22840}.Release|Any CPU.ActiveCfg = Release|Any CPU
		{D484EA18-CFCD-8C62-1171-62D3BAD22840}.Release|Any CPU.Build.0 = Release|Any CPU
		{DE93B365-3280-46F9-BCBF-2514CB15AD7A}.Debug|Any CPU.ActiveCfg = Debug|Any CPU
		{DE93B365-3280-46F9-BCBF-2514CB15AD7A}.Debug|Any CPU.Build.0 = Debug|Any CPU
		{DE93B365-3280-46F9-BCBF-2514CB15AD7A}.Release|Any CPU.ActiveCfg = Release|Any CPU
		{DE93B365-3280-46F9-BCBF-2514CB15AD7A}.Release|Any CPU.Build.0 = Release|Any CPU
		{CE3A1A3B-EB03-4E06-AF37-C1FBC49F5D03}.Debug|Any CPU.ActiveCfg = Debug|Any CPU
		{CE3A1A3B-EB03-4E06-AF37-C1FBC49F5D03}.Debug|Any CPU.Build.0 = Debug|Any CPU
		{CE3A1A3B-EB03-4E06-AF37-C1FBC49F5D03}.Release|Any CPU.ActiveCfg = Release|Any CPU
		{CE3A1A3B-EB03-4E06-AF37-C1FBC49F5D03}.Release|Any CPU.Build.0 = Release|Any CPU
	EndGlobalSection
	GlobalSection(SolutionProperties) = preSolution
		HideSolutionNode = FALSE
	EndGlobalSection
	GlobalSection(ExtensibilityGlobals) = postSolution
		SolutionGuid = {4799E35A-B038-4A21-88AF-CE2CB6B2807B}
	EndGlobalSection
EndGlobal
